
Microsoft Visual Studio Solution File, Format Version 12.00
# Visual Studio 15
VisualStudioVersion = 15.0.27428.2027
MinimumVisualStudioVersion = 10.0.40219.1
Project("{FAE04EC0-301F-11D3-BF4B-00C04F79EFBC}") = "aula05-ex03", "aula05-ex03\aula05-ex03.csproj", "{D93C8D49-E4E3-425E-AB18-D5BAD941B0F7}"
EndProject
Global
	GlobalSection(SolutionConfigurationPlatforms) = preSolution
		Debug|Any CPU = Debug|Any CPU
		Release|Any CPU = Release|Any CPU
	EndGlobalSection
	GlobalSection(ProjectConfigurationPlatforms) = postSolution
		{D93C8D49-E4E3-425E-AB18-D5BAD941B0F7}.Debug|Any CPU.ActiveCfg = Debug|Any CPU
		{D93C8D49-E4E3-425E-AB18-D5BAD941B0F7}.Debug|Any CPU.Build.0 = Debug|Any CPU
		{D93C8D49-E4E3-425E-AB18-D5BAD941B0F7}.Release|Any CPU.ActiveCfg = Release|Any CPU
		{D93C8D49-E4E3-425E-AB18-D5BAD941B0F7}.Release|Any CPU.Build.0 = Release|Any CPU
	EndGlobalSection
	GlobalSection(SolutionProperties) = preSolution
		HideSolutionNode = FALSE
	EndGlobalSection
	GlobalSection(ExtensibilityGlobals) = postSolution
		SolutionGuid = {59A6F990-6358-4EAB-BDE5-8FE704F39866}
	EndGlobalSection
EndGlobal
