
Microsoft Visual Studio Solution File, Format Version 12.00
# Visual Studio 15
VisualStudioVersion = 15.0.27130.2036
MinimumVisualStudioVersion = 10.0.40219.1
Project("{FAE04EC0-301F-11D3-BF4B-00C04F79EFBC}") = "aula07-ex01", "aula07-ex01\aula07-ex01.csproj", "{523F35C3-AF11-4864-A0FF-71DCE708E9F0}"
EndProject
Global
	GlobalSection(SolutionConfigurationPlatforms) = preSolution
		Debug|Any CPU = Debug|Any CPU
		Release|Any CPU = Release|Any CPU
	EndGlobalSection
	GlobalSection(ProjectConfigurationPlatforms) = postSolution
		{523F35C3-AF11-4864-A0FF-71DCE708E9F0}.Debug|Any CPU.ActiveCfg = Debug|Any CPU
		{523F35C3-AF11-4864-A0FF-71DCE708E9F0}.Debug|Any CPU.Build.0 = Debug|Any CPU
		{523F35C3-AF11-4864-A0FF-71DCE708E9F0}.Release|Any CPU.ActiveCfg = Release|Any CPU
		{523F35C3-AF11-4864-A0FF-71DCE708E9F0}.Release|Any CPU.Build.0 = Release|Any CPU
	EndGlobalSection
	GlobalSection(SolutionProperties) = preSolution
		HideSolutionNode = FALSE
	EndGlobalSection
	GlobalSection(ExtensibilityGlobals) = postSolution
		SolutionGuid = {C90F83B6-98E0-4BED-B2C3-C155B0185D25}
	EndGlobalSection
EndGlobal
