
Microsoft Visual Studio Solution File, Format Version 12.00
# Visual Studio 15
VisualStudioVersion = 15.0.27130.2036
MinimumVisualStudioVersion = 10.0.40219.1
Project("{FAE04EC0-301F-11D3-BF4B-00C04F79EFBC}") = "Exercicio01", "Exercicio01\Exercicio01.csproj", "{C9FFE645-603F-4833-8BB9-78D7C9CD559B}"
EndProject
Global
	GlobalSection(SolutionConfigurationPlatforms) = preSolution
		Debug|Any CPU = Debug|Any CPU
		Release|Any CPU = Release|Any CPU
	EndGlobalSection
	GlobalSection(ProjectConfigurationPlatforms) = postSolution
		{C9FFE645-603F-4833-8BB9-78D7C9CD559B}.Debug|Any CPU.ActiveCfg = Debug|Any CPU
		{C9FFE645-603F-4833-8BB9-78D7C9CD559B}.Debug|Any CPU.Build.0 = Debug|Any CPU
		{C9FFE645-603F-4833-8BB9-78D7C9CD559B}.Release|Any CPU.ActiveCfg = Release|Any CPU
		{C9FFE645-603F-4833-8BB9-78D7C9CD559B}.Release|Any CPU.Build.0 = Release|Any CPU
	EndGlobalSection
	GlobalSection(SolutionProperties) = preSolution
		HideSolutionNode = FALSE
	EndGlobalSection
	GlobalSection(ExtensibilityGlobals) = postSolution
		SolutionGuid = {DCB22D1E-2600-4422-8401-E0C2DDECDD0F}
	EndGlobalSection
EndGlobal
