
Microsoft Visual Studio Solution File, Format Version 12.00
# Visual Studio 15
VisualStudioVersion = 15.0.27130.2036
MinimumVisualStudioVersion = 10.0.40219.1
Project("{FAE04EC0-301F-11D3-BF4B-00C04F79EFBC}") = "EXERCICIO1", "EXERCICIO1\EXERCICIO1.csproj", "{3135E39F-C501-4C9F-ADC1-0AA0C8EFD204}"
EndProject
Global
	GlobalSection(SolutionConfigurationPlatforms) = preSolution
		Debug|Any CPU = Debug|Any CPU
		Release|Any CPU = Release|Any CPU
	EndGlobalSection
	GlobalSection(ProjectConfigurationPlatforms) = postSolution
		{3135E39F-C501-4C9F-ADC1-0AA0C8EFD204}.Debug|Any CPU.ActiveCfg = Debug|Any CPU
		{3135E39F-C501-4C9F-ADC1-0AA0C8EFD204}.Debug|Any CPU.Build.0 = Debug|Any CPU
		{3135E39F-C501-4C9F-ADC1-0AA0C8EFD204}.Release|Any CPU.ActiveCfg = Release|Any CPU
		{3135E39F-C501-4C9F-ADC1-0AA0C8EFD204}.Release|Any CPU.Build.0 = Release|Any CPU
	EndGlobalSection
	GlobalSection(SolutionProperties) = preSolution
		HideSolutionNode = FALSE
	EndGlobalSection
	GlobalSection(ExtensibilityGlobals) = postSolution
		SolutionGuid = {376D0848-F1D7-4A33-9D0F-17DA50112C66}
	EndGlobalSection
EndGlobal
