
Microsoft Visual Studio Solution File, Format Version 12.00
# Visual Studio 15
VisualStudioVersion = 15.0.27428.2027
MinimumVisualStudioVersion = 10.0.40219.1
Project("{FAE04EC0-301F-11D3-BF4B-00C04F79EFBC}") = "aula06-ex01", "aula06-ex01\aula06-ex01.csproj", "{364227D4-2100-4A7D-A0CA-86C1A1662E8F}"
EndProject
Global
	GlobalSection(SolutionConfigurationPlatforms) = preSolution
		Debug|Any CPU = Debug|Any CPU
		Release|Any CPU = Release|Any CPU
	EndGlobalSection
	GlobalSection(ProjectConfigurationPlatforms) = postSolution
		{364227D4-2100-4A7D-A0CA-86C1A1662E8F}.Debug|Any CPU.ActiveCfg = Debug|Any CPU
		{364227D4-2100-4A7D-A0CA-86C1A1662E8F}.Debug|Any CPU.Build.0 = Debug|Any CPU
		{364227D4-2100-4A7D-A0CA-86C1A1662E8F}.Release|Any CPU.ActiveCfg = Release|Any CPU
		{364227D4-2100-4A7D-A0CA-86C1A1662E8F}.Release|Any CPU.Build.0 = Release|Any CPU
	EndGlobalSection
	GlobalSection(SolutionProperties) = preSolution
		HideSolutionNode = FALSE
	EndGlobalSection
	GlobalSection(ExtensibilityGlobals) = postSolution
		SolutionGuid = {28C6AE3D-17F4-4C47-B5B7-A57D49F69F50}
	EndGlobalSection
EndGlobal
