
Microsoft Visual Studio Solution File, Format Version 12.00
# Visual Studio 15
VisualStudioVersion = 15.0.27428.2027
MinimumVisualStudioVersion = 10.0.40219.1
Project("{FAE04EC0-301F-11D3-BF4B-00C04F79EFBC}") = "aula05-ex01", "aula05-ex01\aula05-ex01.csproj", "{84AA6D17-EB52-4B5E-A91B-0076126C11A6}"
EndProject
Global
	GlobalSection(SolutionConfigurationPlatforms) = preSolution
		Debug|Any CPU = Debug|Any CPU
		Release|Any CPU = Release|Any CPU
	EndGlobalSection
	GlobalSection(ProjectConfigurationPlatforms) = postSolution
		{84AA6D17-EB52-4B5E-A91B-0076126C11A6}.Debug|Any CPU.ActiveCfg = Debug|Any CPU
		{84AA6D17-EB52-4B5E-A91B-0076126C11A6}.Debug|Any CPU.Build.0 = Debug|Any CPU
		{84AA6D17-EB52-4B5E-A91B-0076126C11A6}.Release|Any CPU.ActiveCfg = Release|Any CPU
		{84AA6D17-EB52-4B5E-A91B-0076126C11A6}.Release|Any CPU.Build.0 = Release|Any CPU
	EndGlobalSection
	GlobalSection(SolutionProperties) = preSolution
		HideSolutionNode = FALSE
	EndGlobalSection
	GlobalSection(ExtensibilityGlobals) = postSolution
		SolutionGuid = {A6E24D38-158C-42A5-8177-935EA02AD8F4}
	EndGlobalSection
EndGlobal
