
Microsoft Visual Studio Solution File, Format Version 12.00
# Visual Studio 15
VisualStudioVersion = 15.0.27428.2027
MinimumVisualStudioVersion = 10.0.40219.1
Project("{FAE04EC0-301F-11D3-BF4B-00C04F79EFBC}") = "aula06-ex03", "aula06-ex03\aula06-ex03.csproj", "{E8936FAE-B284-494D-9204-F8C7227FB822}"
EndProject
Global
	GlobalSection(SolutionConfigurationPlatforms) = preSolution
		Debug|Any CPU = Debug|Any CPU
		Release|Any CPU = Release|Any CPU
	EndGlobalSection
	GlobalSection(ProjectConfigurationPlatforms) = postSolution
		{E8936FAE-B284-494D-9204-F8C7227FB822}.Debug|Any CPU.ActiveCfg = Debug|Any CPU
		{E8936FAE-B284-494D-9204-F8C7227FB822}.Debug|Any CPU.Build.0 = Debug|Any CPU
		{E8936FAE-B284-494D-9204-F8C7227FB822}.Release|Any CPU.ActiveCfg = Release|Any CPU
		{E8936FAE-B284-494D-9204-F8C7227FB822}.Release|Any CPU.Build.0 = Release|Any CPU
	EndGlobalSection
	GlobalSection(SolutionProperties) = preSolution
		HideSolutionNode = FALSE
	EndGlobalSection
	GlobalSection(ExtensibilityGlobals) = postSolution
		SolutionGuid = {C0FA99F2-8CDD-403F-BC3F-3BB56BF03AB4}
	EndGlobalSection
EndGlobal
