
Microsoft Visual Studio Solution File, Format Version 12.00
# Visual Studio 15
VisualStudioVersion = 15.0.27428.2027
MinimumVisualStudioVersion = 10.0.40219.1
Project("{FAE04EC0-301F-11D3-BF4B-00C04F79EFBC}") = "aula06-ex06", "aula06-ex06\aula06-ex06.csproj", "{FF2E415E-17CB-4EC4-801D-47693FB06440}"
EndProject
Global
	GlobalSection(SolutionConfigurationPlatforms) = preSolution
		Debug|Any CPU = Debug|Any CPU
		Release|Any CPU = Release|Any CPU
	EndGlobalSection
	GlobalSection(ProjectConfigurationPlatforms) = postSolution
		{FF2E415E-17CB-4EC4-801D-47693FB06440}.Debug|Any CPU.ActiveCfg = Debug|Any CPU
		{FF2E415E-17CB-4EC4-801D-47693FB06440}.Debug|Any CPU.Build.0 = Debug|Any CPU
		{FF2E415E-17CB-4EC4-801D-47693FB06440}.Release|Any CPU.ActiveCfg = Release|Any CPU
		{FF2E415E-17CB-4EC4-801D-47693FB06440}.Release|Any CPU.Build.0 = Release|Any CPU
	EndGlobalSection
	GlobalSection(SolutionProperties) = preSolution
		HideSolutionNode = FALSE
	EndGlobalSection
	GlobalSection(ExtensibilityGlobals) = postSolution
		SolutionGuid = {15422337-0F25-49B3-8757-D44BDB205C47}
	EndGlobalSection
EndGlobal
